
Microsoft Visual Studio Solution File, Format Version 12.00
# Visual Studio Version 17
VisualStudioVersion = 17.9.34728.123
MinimumVisualStudioVersion = 10.0.40219.1
Project("{FAE04EC0-301F-11D3-BF4B-00C04F79EFBC}") = "1", "1\1.csproj", "{B71859FE-752B-432F-9CEF-65223B2A0C6B}"
EndProject
Project("{FAE04EC0-301F-11D3-BF4B-00C04F79EFBC}") = "2", "2\2.csproj", "{C3A64C6E-D848-4306-B60F-89F0DAEDFC8F}"
EndProject
Project("{FAE04EC0-301F-11D3-BF4B-00C04F79EFBC}") = "3", "3\3.csproj", "{C87136B2-1FC7-47E2-9793-2B3C3F60A1BC}"
EndProject
Project("{FAE04EC0-301F-11D3-BF4B-00C04F79EFBC}") = "4", "4\4.csproj", "{74B30BF0-7E3A-4CE4-B5ED-71351DA540B0}"
EndProject
Project("{FAE04EC0-301F-11D3-BF4B-00C04F79EFBC}") = "8", "8\8.csproj", "{910B414A-E782-4C2A-9DCF-73E1647A2ACC}"
EndProject
Project("{FAE04EC0-301F-11D3-BF4B-00C04F79EFBC}") = "9", "9\9.csproj", "{C03E53F1-F409-4169-A8A1-36A25F7CB9E3}"
EndProject
Project("{FAE04EC0-301F-11D3-BF4B-00C04F79EFBC}") = "10", "10\10.csproj", "{B1107243-3358-40F1-811B-57AE89ECF240}"
EndProject
Project("{FAE04EC0-301F-11D3-BF4B-00C04F79EFBC}") = "12", "12\12.csproj", "{3DAE07B3-4B0A-479F-8F25-F9053366ABB9}"
EndProject
Project("{FAE04EC0-301F-11D3-BF4B-00C04F79EFBC}") = "13", "13\13.csproj", "{C9A49C6C-6F7A-4E30-8BAC-8992B398FA54}"
EndProject
Project("{FAE04EC0-301F-11D3-BF4B-00C04F79EFBC}") = "14", "14\14.csproj", "{9E6CD2A6-5FA0-48AE-8A44-08731B72ECF0}"
EndProject
Project("{FAE04EC0-301F-11D3-BF4B-00C04F79EFBC}") = "15", "15\15.csproj", "{A779CD6C-7D48-49EF-84C0-36EABAC10CFB}"
EndProject
Project("{FAE04EC0-301F-11D3-BF4B-00C04F79EFBC}") = "16", "16\16.csproj", "{B308F868-06AD-4924-9C75-7219505EA25C}"
EndProject
Project("{FAE04EC0-301F-11D3-BF4B-00C04F79EFBC}") = "17", "17\17.csproj", "{3C03122B-939C-49BF-9254-54AF95B343FA}"
EndProject
Project("{FAE04EC0-301F-11D3-BF4B-00C04F79EFBC}") = "18", "18\18.csproj", "{8E02A3CF-5E1A-4787-8552-F4D386FFD29A}"
EndProject
Project("{FAE04EC0-301F-11D3-BF4B-00C04F79EFBC}") = "19", "19\19.csproj", "{72EAA44D-50A9-4915-BD04-7A4B43DD60D3}"
EndProject
Project("{FAE04EC0-301F-11D3-BF4B-00C04F79EFBC}") = "21", "21\21.csproj", "{D00D035E-5CCE-494C-9FD6-F4FBEABFC99A}"
EndProject
Project("{9A19103F-16F7-4668-BE54-9A1E7A4F7556}") = "exam2", "exam2\exam2.csproj", "{60938B17-2BCD-4712-BE30-3914262D4C4B}"
EndProject
Project("{9A19103F-16F7-4668-BE54-9A1E7A4F7556}") = "exam1", "exam1\exam1.csproj", "{5728658B-E3DC-47BC-BE5F-0ED9B6D6AA60}"
EndProject
Project("{9A19103F-16F7-4668-BE54-9A1E7A4F7556}") = "exam3", "exam3\exam3.csproj", "{9DC6C7CE-B85F-459A-9839-4960BFB8221F}"
EndProject
Project("{FAE04EC0-301F-11D3-BF4B-00C04F79EFBC}") = "task1", "task1\task1.csproj", "{A749B864-25C8-470E-ACC1-C4466F3190E5}"
EndProject
Project("{FAE04EC0-301F-11D3-BF4B-00C04F79EFBC}") = "task2", "task2\task2.csproj", "{070A746B-6EEC-4980-9BEB-3BCE6C3D06D8}"
EndProject
Project("{FAE04EC0-301F-11D3-BF4B-00C04F79EFBC}") = "task3", "task3\task3.csproj", "{43748740-1E10-4042-80DD-F9EA8F6BEA6B}"
EndProject
Project("{FAE04EC0-301F-11D3-BF4B-00C04F79EFBC}") = "22", "22\22.csproj", "{9E45F8CB-3880-4E65-B657-D9B28372A6CE}"
EndProject
Project("{FAE04EC0-301F-11D3-BF4B-00C04F79EFBC}") = "23", "23\23.csproj", "{5EDAD1C1-482F-4B87-ACD8-4A9EBDA2B50B}"
EndProject
Project("{FAE04EC0-301F-11D3-BF4B-00C04F79EFBC}") = "26", "26\26.csproj", "{00C29C01-0E23-44C9-9F50-4C8B898D7872}"
EndProject
Project("{FAE04EC0-301F-11D3-BF4B-00C04F79EFBC}") = "27", "27\27.csproj", "{7C8F9C3A-942C-43A0-9B25-1B386F406EE5}"
EndProject
Project("{FAE04EC0-301F-11D3-BF4B-00C04F79EFBC}") = "28", "28\28.csproj", "{6D9B8A58-878E-4B81-BC3E-C000E2B28DE4}"
EndProject
Project("{FAE04EC0-301F-11D3-BF4B-00C04F79EFBC}") = "30", "30\30.csproj", "{8FBC2CF9-EAE1-4A67-8009-5CBEDA6AC0FC}"
EndProject
Project("{FAE04EC0-301F-11D3-BF4B-00C04F79EFBC}") = "31", "31\31.csproj", "{53241069-130C-4968-ADB7-044CE70EE450}"
EndProject
Project("{FAE04EC0-301F-11D3-BF4B-00C04F79EFBC}") = "32", "32\32.csproj", "{A452CCFC-9B77-4798-9265-4F89ACF90F33}"
EndProject
Project("{FAE04EC0-301F-11D3-BF4B-00C04F79EFBC}") = "task5", "task5\task5.csproj", "{719E04CE-5B48-4555-B6A6-83C3F923025B}"
EndProject
Global
	GlobalSection(SolutionConfigurationPlatforms) = preSolution
		Debug|Any CPU = Debug|Any CPU
		Release|Any CPU = Release|Any CPU
	EndGlobalSection
	GlobalSection(ProjectConfigurationPlatforms) = postSolution
		{B71859FE-752B-432F-9CEF-65223B2A0C6B}.Debug|Any CPU.ActiveCfg = Debug|Any CPU
		{B71859FE-752B-432F-9CEF-65223B2A0C6B}.Debug|Any CPU.Build.0 = Debug|Any CPU
		{B71859FE-752B-432F-9CEF-65223B2A0C6B}.Release|Any CPU.ActiveCfg = Release|Any CPU
		{B71859FE-752B-432F-9CEF-65223B2A0C6B}.Release|Any CPU.Build.0 = Release|Any CPU
		{C3A64C6E-D848-4306-B60F-89F0DAEDFC8F}.Debug|Any CPU.ActiveCfg = Debug|Any CPU
		{C3A64C6E-D848-4306-B60F-89F0DAEDFC8F}.Debug|Any CPU.Build.0 = Debug|Any CPU
		{C3A64C6E-D848-4306-B60F-89F0DAEDFC8F}.Release|Any CPU.ActiveCfg = Release|Any CPU
		{C3A64C6E-D848-4306-B60F-89F0DAEDFC8F}.Release|Any CPU.Build.0 = Release|Any CPU
		{C87136B2-1FC7-47E2-9793-2B3C3F60A1BC}.Debug|Any CPU.ActiveCfg = Debug|Any CPU
		{C87136B2-1FC7-47E2-9793-2B3C3F60A1BC}.Debug|Any CPU.Build.0 = Debug|Any CPU
		{C87136B2-1FC7-47E2-9793-2B3C3F60A1BC}.Release|Any CPU.ActiveCfg = Release|Any CPU
		{C87136B2-1FC7-47E2-9793-2B3C3F60A1BC}.Release|Any CPU.Build.0 = Release|Any CPU
		{74B30BF0-7E3A-4CE4-B5ED-71351DA540B0}.Debug|Any CPU.ActiveCfg = Debug|Any CPU
		{74B30BF0-7E3A-4CE4-B5ED-71351DA540B0}.Debug|Any CPU.Build.0 = Debug|Any CPU
		{74B30BF0-7E3A-4CE4-B5ED-71351DA540B0}.Release|Any CPU.ActiveCfg = Release|Any CPU
		{74B30BF0-7E3A-4CE4-B5ED-71351DA540B0}.Release|Any CPU.Build.0 = Release|Any CPU
		{910B414A-E782-4C2A-9DCF-73E1647A2ACC}.Debug|Any CPU.ActiveCfg = Debug|Any CPU
		{910B414A-E782-4C2A-9DCF-73E1647A2ACC}.Debug|Any CPU.Build.0 = Debug|Any CPU
		{910B414A-E782-4C2A-9DCF-73E1647A2ACC}.Release|Any CPU.ActiveCfg = Release|Any CPU
		{910B414A-E782-4C2A-9DCF-73E1647A2ACC}.Release|Any CPU.Build.0 = Release|Any CPU
		{C03E53F1-F409-4169-A8A1-36A25F7CB9E3}.Debug|Any CPU.ActiveCfg = Debug|Any CPU
		{C03E53F1-F409-4169-A8A1-36A25F7CB9E3}.Debug|Any CPU.Build.0 = Debug|Any CPU
		{C03E53F1-F409-4169-A8A1-36A25F7CB9E3}.Release|Any CPU.ActiveCfg = Release|Any CPU
		{C03E53F1-F409-4169-A8A1-36A25F7CB9E3}.Release|Any CPU.Build.0 = Release|Any CPU
		{B1107243-3358-40F1-811B-57AE89ECF240}.Debug|Any CPU.ActiveCfg = Debug|Any CPU
		{B1107243-3358-40F1-811B-57AE89ECF240}.Debug|Any CPU.Build.0 = Debug|Any CPU
		{B1107243-3358-40F1-811B-57AE89ECF240}.Release|Any CPU.ActiveCfg = Release|Any CPU
		{B1107243-3358-40F1-811B-57AE89ECF240}.Release|Any CPU.Build.0 = Release|Any CPU
		{3DAE07B3-4B0A-479F-8F25-F9053366ABB9}.Debug|Any CPU.ActiveCfg = Debug|Any CPU
		{3DAE07B3-4B0A-479F-8F25-F9053366ABB9}.Debug|Any CPU.Build.0 = Debug|Any CPU
		{3DAE07B3-4B0A-479F-8F25-F9053366ABB9}.Release|Any CPU.ActiveCfg = Release|Any CPU
		{3DAE07B3-4B0A-479F-8F25-F9053366ABB9}.Release|Any CPU.Build.0 = Release|Any CPU
		{C9A49C6C-6F7A-4E30-8BAC-8992B398FA54}.Debug|Any CPU.ActiveCfg = Debug|Any CPU
		{C9A49C6C-6F7A-4E30-8BAC-8992B398FA54}.Debug|Any CPU.Build.0 = Debug|Any CPU
		{C9A49C6C-6F7A-4E30-8BAC-8992B398FA54}.Release|Any CPU.ActiveCfg = Release|Any CPU
		{C9A49C6C-6F7A-4E30-8BAC-8992B398FA54}.Release|Any CPU.Build.0 = Release|Any CPU
		{9E6CD2A6-5FA0-48AE-8A44-08731B72ECF0}.Debug|Any CPU.ActiveCfg = Debug|Any CPU
		{9E6CD2A6-5FA0-48AE-8A44-08731B72ECF0}.Debug|Any CPU.Build.0 = Debug|Any CPU
		{9E6CD2A6-5FA0-48AE-8A44-08731B72ECF0}.Release|Any CPU.ActiveCfg = Release|Any CPU
		{9E6CD2A6-5FA0-48AE-8A44-08731B72ECF0}.Release|Any CPU.Build.0 = Release|Any CPU
		{A779CD6C-7D48-49EF-84C0-36EABAC10CFB}.Debug|Any CPU.ActiveCfg = Debug|Any CPU
		{A779CD6C-7D48-49EF-84C0-36EABAC10CFB}.Debug|Any CPU.Build.0 = Debug|Any CPU
		{A779CD6C-7D48-49EF-84C0-36EABAC10CFB}.Release|Any CPU.ActiveCfg = Release|Any CPU
		{A779CD6C-7D48-49EF-84C0-36EABAC10CFB}.Release|Any CPU.Build.0 = Release|Any CPU
		{B308F868-06AD-4924-9C75-7219505EA25C}.Debug|Any CPU.ActiveCfg = Debug|Any CPU
		{B308F868-06AD-4924-9C75-7219505EA25C}.Debug|Any CPU.Build.0 = Debug|Any CPU
		{B308F868-06AD-4924-9C75-7219505EA25C}.Release|Any CPU.ActiveCfg = Release|Any CPU
		{B308F868-06AD-4924-9C75-7219505EA25C}.Release|Any CPU.Build.0 = Release|Any CPU
		{3C03122B-939C-49BF-9254-54AF95B343FA}.Debug|Any CPU.ActiveCfg = Debug|Any CPU
		{3C03122B-939C-49BF-9254-54AF95B343FA}.Debug|Any CPU.Build.0 = Debug|Any CPU
		{3C03122B-939C-49BF-9254-54AF95B343FA}.Release|Any CPU.ActiveCfg = Release|Any CPU
		{3C03122B-939C-49BF-9254-54AF95B343FA}.Release|Any CPU.Build.0 = Release|Any CPU
		{8E02A3CF-5E1A-4787-8552-F4D386FFD29A}.Debug|Any CPU.ActiveCfg = Debug|Any CPU
		{8E02A3CF-5E1A-4787-8552-F4D386FFD29A}.Debug|Any CPU.Build.0 = Debug|Any CPU
		{8E02A3CF-5E1A-4787-8552-F4D386FFD29A}.Release|Any CPU.ActiveCfg = Release|Any CPU
		{8E02A3CF-5E1A-4787-8552-F4D386FFD29A}.Release|Any CPU.Build.0 = Release|Any CPU
		{72EAA44D-50A9-4915-BD04-7A4B43DD60D3}.Debug|Any CPU.ActiveCfg = Debug|Any CPU
		{72EAA44D-50A9-4915-BD04-7A4B43DD60D3}.Debug|Any CPU.Build.0 = Debug|Any CPU
		{72EAA44D-50A9-4915-BD04-7A4B43DD60D3}.Release|Any CPU.ActiveCfg = Release|Any CPU
		{72EAA44D-50A9-4915-BD04-7A4B43DD60D3}.Release|Any CPU.Build.0 = Release|Any CPU
		{D00D035E-5CCE-494C-9FD6-F4FBEABFC99A}.Debug|Any CPU.ActiveCfg = Debug|Any CPU
		{D00D035E-5CCE-494C-9FD6-F4FBEABFC99A}.Debug|Any CPU.Build.0 = Debug|Any CPU
		{D00D035E-5CCE-494C-9FD6-F4FBEABFC99A}.Release|Any CPU.ActiveCfg = Release|Any CPU
		{D00D035E-5CCE-494C-9FD6-F4FBEABFC99A}.Release|Any CPU.Build.0 = Release|Any CPU
		{60938B17-2BCD-4712-BE30-3914262D4C4B}.Debug|Any CPU.ActiveCfg = Debug|Any CPU
		{60938B17-2BCD-4712-BE30-3914262D4C4B}.Debug|Any CPU.Build.0 = Debug|Any CPU
		{60938B17-2BCD-4712-BE30-3914262D4C4B}.Release|Any CPU.ActiveCfg = Release|Any CPU
		{60938B17-2BCD-4712-BE30-3914262D4C4B}.Release|Any CPU.Build.0 = Release|Any CPU
		{5728658B-E3DC-47BC-BE5F-0ED9B6D6AA60}.Debug|Any CPU.ActiveCfg = Debug|Any CPU
		{5728658B-E3DC-47BC-BE5F-0ED9B6D6AA60}.Debug|Any CPU.Build.0 = Debug|Any CPU
		{5728658B-E3DC-47BC-BE5F-0ED9B6D6AA60}.Release|Any CPU.ActiveCfg = Release|Any CPU
		{5728658B-E3DC-47BC-BE5F-0ED9B6D6AA60}.Release|Any CPU.Build.0 = Release|Any CPU
		{9DC6C7CE-B85F-459A-9839-4960BFB8221F}.Debug|Any CPU.ActiveCfg = Debug|Any CPU
		{9DC6C7CE-B85F-459A-9839-4960BFB8221F}.Debug|Any CPU.Build.0 = Debug|Any CPU
		{9DC6C7CE-B85F-459A-9839-4960BFB8221F}.Release|Any CPU.ActiveCfg = Release|Any CPU
		{9DC6C7CE-B85F-459A-9839-4960BFB8221F}.Release|Any CPU.Build.0 = Release|Any CPU
		{A749B864-25C8-470E-ACC1-C4466F3190E5}.Debug|Any CPU.ActiveCfg = Debug|Any CPU
		{A749B864-25C8-470E-ACC1-C4466F3190E5}.Debug|Any CPU.Build.0 = Debug|Any CPU
		{A749B864-25C8-470E-ACC1-C4466F3190E5}.Release|Any CPU.ActiveCfg = Release|Any CPU
		{A749B864-25C8-470E-ACC1-C4466F3190E5}.Release|Any CPU.Build.0 = Release|Any CPU
		{070A746B-6EEC-4980-9BEB-3BCE6C3D06D8}.Debug|Any CPU.ActiveCfg = Debug|Any CPU
		{070A746B-6EEC-4980-9BEB-3BCE6C3D06D8}.Debug|Any CPU.Build.0 = Debug|Any CPU
		{070A746B-6EEC-4980-9BEB-3BCE6C3D06D8}.Release|Any CPU.ActiveCfg = Release|Any CPU
		{070A746B-6EEC-4980-9BEB-3BCE6C3D06D8}.Release|Any CPU.Build.0 = Release|Any CPU
		{43748740-1E10-4042-80DD-F9EA8F6BEA6B}.Debug|Any CPU.ActiveCfg = Debug|Any CPU
		{43748740-1E10-4042-80DD-F9EA8F6BEA6B}.Debug|Any CPU.Build.0 = Debug|Any CPU
		{43748740-1E10-4042-80DD-F9EA8F6BEA6B}.Release|Any CPU.ActiveCfg = Release|Any CPU
		{43748740-1E10-4042-80DD-F9EA8F6BEA6B}.Release|Any CPU.Build.0 = Release|Any CPU
		{9E45F8CB-3880-4E65-B657-D9B28372A6CE}.Debug|Any CPU.ActiveCfg = Debug|Any CPU
		{9E45F8CB-3880-4E65-B657-D9B28372A6CE}.Debug|Any CPU.Build.0 = Debug|Any CPU
		{9E45F8CB-3880-4E65-B657-D9B28372A6CE}.Release|Any CPU.ActiveCfg = Release|Any CPU
		{9E45F8CB-3880-4E65-B657-D9B28372A6CE}.Release|Any CPU.Build.0 = Release|Any CPU
		{5EDAD1C1-482F-4B87-ACD8-4A9EBDA2B50B}.Debug|Any CPU.ActiveCfg = Debug|Any CPU
		{5EDAD1C1-482F-4B87-ACD8-4A9EBDA2B50B}.Debug|Any CPU.Build.0 = Debug|Any CPU
		{5EDAD1C1-482F-4B87-ACD8-4A9EBDA2B50B}.Release|Any CPU.ActiveCfg = Release|Any CPU
		{5EDAD1C1-482F-4B87-ACD8-4A9EBDA2B50B}.Release|Any CPU.Build.0 = Release|Any CPU
		{00C29C01-0E23-44C9-9F50-4C8B898D7872}.Debug|Any CPU.ActiveCfg = Debug|Any CPU
		{00C29C01-0E23-44C9-9F50-4C8B898D7872}.Debug|Any CPU.Build.0 = Debug|Any CPU
		{00C29C01-0E23-44C9-9F50-4C8B898D7872}.Release|Any CPU.ActiveCfg = Release|Any CPU
		{00C29C01-0E23-44C9-9F50-4C8B898D7872}.Release|Any CPU.Build.0 = Release|Any CPU
		{7C8F9C3A-942C-43A0-9B25-1B386F406EE5}.Debug|Any CPU.ActiveCfg = Debug|Any CPU
		{7C8F9C3A-942C-43A0-9B25-1B386F406EE5}.Debug|Any CPU.Build.0 = Debug|Any CPU
		{7C8F9C3A-942C-43A0-9B25-1B386F406EE5}.Release|Any CPU.ActiveCfg = Release|Any CPU
		{7C8F9C3A-942C-43A0-9B25-1B386F406EE5}.Release|Any CPU.Build.0 = Release|Any CPU
		{6D9B8A58-878E-4B81-BC3E-C000E2B28DE4}.Debug|Any CPU.ActiveCfg = Debug|Any CPU
		{6D9B8A58-878E-4B81-BC3E-C000E2B28DE4}.Debug|Any CPU.Build.0 = Debug|Any CPU
		{6D9B8A58-878E-4B81-BC3E-C000E2B28DE4}.Release|Any CPU.ActiveCfg = Release|Any CPU
		{6D9B8A58-878E-4B81-BC3E-C000E2B28DE4}.Release|Any CPU.Build.0 = Release|Any CPU
		{8FBC2CF9-EAE1-4A67-8009-5CBEDA6AC0FC}.Debug|Any CPU.ActiveCfg = Debug|Any CPU
		{8FBC2CF9-EAE1-4A67-8009-5CBEDA6AC0FC}.Debug|Any CPU.Build.0 = Debug|Any CPU
		{8FBC2CF9-EAE1-4A67-8009-5CBEDA6AC0FC}.Release|Any CPU.ActiveCfg = Release|Any CPU
		{8FBC2CF9-EAE1-4A67-8009-5CBEDA6AC0FC}.Release|Any CPU.Build.0 = Release|Any CPU
		{53241069-130C-4968-ADB7-044CE70EE450}.Debug|Any CPU.ActiveCfg = Debug|Any CPU
		{53241069-130C-4968-ADB7-044CE70EE450}.Debug|Any CPU.Build.0 = Debug|Any CPU
		{53241069-130C-4968-ADB7-044CE70EE450}.Release|Any CPU.ActiveCfg = Release|Any CPU
		{53241069-130C-4968-ADB7-044CE70EE450}.Release|Any CPU.Build.0 = Release|Any CPU
		{A452CCFC-9B77-4798-9265-4F89ACF90F33}.Debug|Any CPU.ActiveCfg = Debug|Any CPU
		{A452CCFC-9B77-4798-9265-4F89ACF90F33}.Debug|Any CPU.Build.0 = Debug|Any CPU
		{A452CCFC-9B77-4798-9265-4F89ACF90F33}.Release|Any CPU.ActiveCfg = Release|Any CPU
		{A452CCFC-9B77-4798-9265-4F89ACF90F33}.Release|Any CPU.Build.0 = Release|Any CPU
		{719E04CE-5B48-4555-B6A6-83C3F923025B}.Debug|Any CPU.ActiveCfg = Debug|Any CPU
		{719E04CE-5B48-4555-B6A6-83C3F923025B}.Debug|Any CPU.Build.0 = Debug|Any CPU
		{719E04CE-5B48-4555-B6A6-83C3F923025B}.Release|Any CPU.ActiveCfg = Release|Any CPU
		{719E04CE-5B48-4555-B6A6-83C3F923025B}.Release|Any CPU.Build.0 = Release|Any CPU
	EndGlobalSection
	GlobalSection(SolutionProperties) = preSolution
		HideSolutionNode = FALSE
	EndGlobalSection
	GlobalSection(ExtensibilityGlobals) = postSolution
		SolutionGuid = {55E35AE6-0558-4C4F-9F23-7F746C0B65ED}
	EndGlobalSection
EndGlobal
